
Microsoft Visual Studio Solution File, Format Version 12.00
Project("{FAE04EC0-301F-11D3-BF4B-00C04F79EFBC}") = "OperationResults.Tests", "tests\OperationResults.Tests\OperationResults.Tests.csproj", "{4CA8B7BD-737F-4188-AF6E-6D13EB46EA2B}"
EndProject
Project("{FAE04EC0-301F-11D3-BF4B-00C04F79EFBC}") = "OperationResult.Core", "src\OperationResult.Core\OperationResult.Core.csproj", "{D68561F1-5DDC-471B-B525-A34C7C158423}"
EndProject
Global
	GlobalSection(SolutionConfigurationPlatforms) = preSolution
		Debug|Any CPU = Debug|Any CPU
		Release|Any CPU = Release|Any CPU
	EndGlobalSection
	GlobalSection(ProjectConfigurationPlatforms) = postSolution
		{4CA8B7BD-737F-4188-AF6E-6D13EB46EA2B}.Debug|Any CPU.ActiveCfg = Debug|Any CPU
		{4CA8B7BD-737F-4188-AF6E-6D13EB46EA2B}.Debug|Any CPU.Build.0 = Debug|Any CPU
		{4CA8B7BD-737F-4188-AF6E-6D13EB46EA2B}.Release|Any CPU.ActiveCfg = Release|Any CPU
		{4CA8B7BD-737F-4188-AF6E-6D13EB46EA2B}.Release|Any CPU.Build.0 = Release|Any CPU
		{D68561F1-5DDC-471B-B525-A34C7C158423}.Debug|Any CPU.ActiveCfg = Debug|Any CPU
		{D68561F1-5DDC-471B-B525-A34C7C158423}.Debug|Any CPU.Build.0 = Debug|Any CPU
		{D68561F1-5DDC-471B-B525-A34C7C158423}.Release|Any CPU.ActiveCfg = Release|Any CPU
		{D68561F1-5DDC-471B-B525-A34C7C158423}.Release|Any CPU.Build.0 = Release|Any CPU
	EndGlobalSection
EndGlobal
